{
  "version": 4,
  "terraform_version": "1.2.2",
  "serial": 5,
  "lineage": "b26e3812-92df-59c2-72e4-69c647ba6f92",
  "outputs": {},
  "resources": [
    {
      "module": "module.Subnet",
      "mode": "managed",
      "type": "google_compute_subnetwork",
      "name": "subnet",
      "provider": "provider[\"registry.terraform.io/hashicorp/google\"]",
      "instances": [
        {
          "schema_version": 0,
          "attributes": {
            "creation_timestamp": "2022-06-19T12:54:14.932-07:00",
            "description": "",
            "external_ipv6_prefix": "",
            "fingerprint": null,
            "gateway_address": "10.0.0.1",
            "id": "projects/hale-courage-351413/regions/us-central1/subnetworks/devops-subnet",
            "ip_cidr_range": "10.0.0.0/24",
            "ipv6_access_type": "",
            "ipv6_cidr_range": "",
            "log_config": [],
            "name": "devops-subnet",
            "network": "https://www.googleapis.com/compute/v1/projects/hale-courage-351413/global/networks/devops-vpc",
            "private_ip_google_access": true,
            "private_ipv6_google_access": "DISABLE_GOOGLE_ACCESS",
            "project": "hale-courage-351413",
            "purpose": "PRIVATE",
            "region": "us-central1",
            "role": "",
            "secondary_ip_range": [],
            "self_link": "https://www.googleapis.com/compute/v1/projects/hale-courage-351413/regions/us-central1/subnetworks/devops-subnet",
            "stack_type": "IPV4_ONLY",
            "timeouts": null
          },
          "sensitive_attributes": [],
          "private": "eyJlMmJmYjczMC1lY2FhLTExZTYtOGY4OC0zNDM2M2JjN2M0YzAiOnsiY3JlYXRlIjoxMjAwMDAwMDAwMDAwLCJkZWxldGUiOjEyMDAwMDAwMDAwMDAsInVwZGF0ZSI6MTIwMDAwMDAwMDAwMH19",
          "dependencies": [
            "module.VPC.google_compute_network.vpc"
          ]
        }
      ]
    },
    {
      "module": "module.VPC",
      "mode": "managed",
      "type": "google_compute_network",
      "name": "vpc",
      "provider": "provider[\"registry.terraform.io/hashicorp/google\"]",
      "instances": [
        {
          "schema_version": 0,
          "attributes": {
            "auto_create_subnetworks": false,
            "delete_default_routes_on_create": false,
            "description": "VPC Network created for DevOps Project",
            "enable_ula_internal_ipv6": false,
            "gateway_ipv4": "",
            "id": "projects/hale-courage-351413/global/networks/devops-vpc",
            "internal_ipv6_range": "",
            "mtu": 0,
            "name": "devops-vpc",
            "project": "hale-courage-351413",
            "routing_mode": "GLOBAL",
            "self_link": "https://www.googleapis.com/compute/v1/projects/hale-courage-351413/global/networks/devops-vpc",
            "timeouts": null
          },
          "sensitive_attributes": [],
          "private": "eyJlMmJmYjczMC1lY2FhLTExZTYtOGY4OC0zNDM2M2JjN2M0YzAiOnsiY3JlYXRlIjoxMjAwMDAwMDAwMDAwLCJkZWxldGUiOjEyMDAwMDAwMDAwMDAsInVwZGF0ZSI6MTIwMDAwMDAwMDAwMH19",
          "create_before_destroy": true
        }
      ]
    }
  ]
}
