{
  "version": 4,
  "terraform_version": "1.2.2",
  "serial": 4,
  "lineage": "56bcb55e-be5e-380a-3bab-5f060c2ca57b",
  "outputs": {
    "self-link": {
      "value": "https://www.googleapis.com/compute/v1/projects/hale-courage-351413/global/networks/devops-vpc",
      "type": "string"
    },
    "vpc-id": {
      "value": "projects/hale-courage-351413/global/networks/devops-vpc",
      "type": "string"
    }
  },
  "resources": [
    {
      "mode": "managed",
      "type": "google_compute_network",
      "name": "vpc",
      "provider": "provider[\"registry.terraform.io/hashicorp/google\"]",
      "instances": [
        {
          "schema_version": 0,
          "attributes": {
            "auto_create_subnetworks": false,
            "delete_default_routes_on_create": false,
            "description": "VPC Network created for DevOps Project",
            "enable_ula_internal_ipv6": false,
            "gateway_ipv4": "",
            "id": "projects/hale-courage-351413/global/networks/devops-vpc",
            "internal_ipv6_range": "",
            "mtu": 0,
            "name": "devops-vpc",
            "project": "hale-courage-351413",
            "routing_mode": "GLOBAL",
            "self_link": "https://www.googleapis.com/compute/v1/projects/hale-courage-351413/global/networks/devops-vpc",
            "timeouts": null
          },
          "sensitive_attributes": [],
          "private": "eyJlMmJmYjczMC1lY2FhLTExZTYtOGY4OC0zNDM2M2JjN2M0YzAiOnsiY3JlYXRlIjoxMjAwMDAwMDAwMDAwLCJkZWxldGUiOjEyMDAwMDAwMDAwMDAsInVwZGF0ZSI6MTIwMDAwMDAwMDAwMH19",
          "create_before_destroy": true
        }
      ]
    }
  ]
}
